
Microsoft Visual Studio Solution File, Format Version 12.00
# Visual Studio Version 17
VisualStudioVersion = 17.11.35327.3
MinimumVisualStudioVersion = 10.0.40219.1
Project("{FAE04EC0-301F-11D3-BF4B-00C04F79EFBC}") = "Evidencias10", "Evidencias10\Evidencias10.csproj", "{CDE6FBF0-5691-454B-B2E4-27192FB63B1A}"
EndProject
Global
	GlobalSection(SolutionConfigurationPlatforms) = preSolution
		Debug|Any CPU = Debug|Any CPU
		Release|Any CPU = Release|Any CPU
	EndGlobalSection
	GlobalSection(ProjectConfigurationPlatforms) = postSolution
		{CDE6FBF0-5691-454B-B2E4-27192FB63B1A}.Debug|Any CPU.ActiveCfg = Debug|Any CPU
		{CDE6FBF0-5691-454B-B2E4-27192FB63B1A}.Debug|Any CPU.Build.0 = Debug|Any CPU
		{CDE6FBF0-5691-454B-B2E4-27192FB63B1A}.Release|Any CPU.ActiveCfg = Release|Any CPU
		{CDE6FBF0-5691-454B-B2E4-27192FB63B1A}.Release|Any CPU.Build.0 = Release|Any CPU
	EndGlobalSection
	GlobalSection(SolutionProperties) = preSolution
		HideSolutionNode = FALSE
	EndGlobalSection
	GlobalSection(ExtensibilityGlobals) = postSolution
		SolutionGuid = {9761CF2B-C127-4ABB-AC9B-05E55EFBA66A}
	EndGlobalSection
EndGlobal
