
Microsoft Visual Studio Solution File, Format Version 12.00
# Visual Studio Version 17
VisualStudioVersion = 17.11.35327.3
MinimumVisualStudioVersion = 10.0.40219.1
Project("{FAE04EC0-301F-11D3-BF4B-00C04F79EFBC}") = "Evidencias8", "Evidencias8\Evidencias8.csproj", "{270179B3-6FF8-4C59-BBDB-C8167796177F}"
EndProject
Global
	GlobalSection(SolutionConfigurationPlatforms) = preSolution
		Debug|Any CPU = Debug|Any CPU
		Release|Any CPU = Release|Any CPU
	EndGlobalSection
	GlobalSection(ProjectConfigurationPlatforms) = postSolution
		{270179B3-6FF8-4C59-BBDB-C8167796177F}.Debug|Any CPU.ActiveCfg = Debug|Any CPU
		{270179B3-6FF8-4C59-BBDB-C8167796177F}.Debug|Any CPU.Build.0 = Debug|Any CPU
		{270179B3-6FF8-4C59-BBDB-C8167796177F}.Release|Any CPU.ActiveCfg = Release|Any CPU
		{270179B3-6FF8-4C59-BBDB-C8167796177F}.Release|Any CPU.Build.0 = Release|Any CPU
	EndGlobalSection
	GlobalSection(SolutionProperties) = preSolution
		HideSolutionNode = FALSE
	EndGlobalSection
	GlobalSection(ExtensibilityGlobals) = postSolution
		SolutionGuid = {FDB89EDE-6838-48C3-A848-D4C449677162}
	EndGlobalSection
EndGlobal
